
Microsoft Visual Studio Solution File, Format Version 12.00
# Visual Studio 2012
VisualStudioVersion = 12.0.21005.1
MinimumVisualStudioVersion = 10.0.40219.1
Project("{2150E333-8FDC-42A3-9474-1A3956D46DE8}") = ".nuget", ".nuget", "{AF3DCD4C-F07F-4DE8-8408-2D702E8E4789}"
	ProjectSection(SolutionItems) = preProject
		.nuget\NuGet.Config = .nuget\NuGet.Config
		.nuget\NuGet.exe = .nuget\NuGet.exe
		.nuget\NuGet.targets = .nuget\NuGet.targets
	EndProjectSection
EndProject
Project("{f2a71f9b-5d33-465a-a702-920d77279786}") = "SignalRProviderRuntime", "SignalRProviderRuntime\SignalRProviderRuntime.fsproj", "{9BA22519-AFE1-45F5-B0FD-5EFB17E36BE5}"
EndProject
Project("{f2a71f9b-5d33-465a-a702-920d77279786}") = "ReflectionProxy", "ReflectionProxy\ReflectionProxy.fsproj", "0007D4AE-886A-4D14-A392-EDAA86B00581"
EndProject
Project("{f2a71f9b-5d33-465a-a702-920d77279786}") = "SignalRProvider", "SignalRProvider\SignalRProvider.fsproj", "1C1CAFA3-C6ED-4A9B-8EAD-3ED6C12E0759"
EndProject
Project("{f2a71f9b-5d33-465a-a702-920d77279786}") = "SignalRServerProvider", "SignalRServerProvider\SignalRServerProvider.fsproj", "{2A433371-A516-4D08-B860-ACBDF3A170C6}"
EndProject
Global
	GlobalSection(SolutionConfigurationPlatforms) = preSolution
		Debug|Any CPU = Debug|Any CPU
		Release|Any CPU = Release|Any CPU
	EndGlobalSection
	GlobalSection(ProjectConfigurationPlatforms) = postSolution
		{0007D4AE-886A-4D14-A392-EDAA86B00581}.Debug|Any CPU.ActiveCfg = Debug|Any CPU
		{0007D4AE-886A-4D14-A392-EDAA86B00581}.Debug|Any CPU.Build.0 = Debug|Any CPU
		{0007D4AE-886A-4D14-A392-EDAA86B00581}.Release|Any CPU.ActiveCfg = Release|Any CPU
		{0007D4AE-886A-4D14-A392-EDAA86B00581}.Release|Any CPU.Build.0 = Release|Any CPU
		{1C1CAFA3-C6ED-4A9B-8EAD-3ED6C12E0759}.Debug|Any CPU.ActiveCfg = Debug|Any CPU
		{1C1CAFA3-C6ED-4A9B-8EAD-3ED6C12E0759}.Debug|Any CPU.Build.0 = Debug|Any CPU
		{1C1CAFA3-C6ED-4A9B-8EAD-3ED6C12E0759}.Release|Any CPU.ActiveCfg = Release|Any CPU
		{1C1CAFA3-C6ED-4A9B-8EAD-3ED6C12E0759}.Release|Any CPU.Build.0 = Release|Any CPU
		{2A433371-A516-4D08-B860-ACBDF3A170C6}.Debug|Any CPU.ActiveCfg = Debug|Any CPU
		{2A433371-A516-4D08-B860-ACBDF3A170C6}.Debug|Any CPU.Build.0 = Debug|Any CPU
		{2A433371-A516-4D08-B860-ACBDF3A170C6}.Release|Any CPU.ActiveCfg = Release|Any CPU
		{2A433371-A516-4D08-B860-ACBDF3A170C6}.Release|Any CPU.Build.0 = Release|Any CPU
		{9BA22519-AFE1-45F5-B0FD-5EFB17E36BE5}.Debug|Any CPU.ActiveCfg = Debug|Any CPU
		{9BA22519-AFE1-45F5-B0FD-5EFB17E36BE5}.Debug|Any CPU.Build.0 = Debug|Any CPU
		{9BA22519-AFE1-45F5-B0FD-5EFB17E36BE5}.Release|Any CPU.ActiveCfg = Release|Any CPU
		{9BA22519-AFE1-45F5-B0FD-5EFB17E36BE5}.Release|Any CPU.Build.0 = Release|Any CPU
	EndGlobalSection
	GlobalSection(NestedProjects) = preSolution
	EndGlobalSection
	GlobalSection(MonoDevelopProperties) = preSolution
		StartupItem = SignalRProviderRuntime\SignalRProviderRuntime.fsproj
	EndGlobalSection
	GlobalSection(SolutionProperties) = preSolution
		HideSolutionNode = FALSE
	EndGlobalSection
EndGlobal
