
Microsoft Visual Studio Solution File, Format Version 12.00
# Visual Studio Express 2013 for Windows Desktop
VisualStudioVersion = 12.0.21005.1
MinimumVisualStudioVersion = 10.0.40219.1
Project("{F2A71F9B-5D33-465A-A702-920D77279786}") = "SignalRProvider", "SignalRProvider\SignalRProvider.fsproj", "{1C1CAFA3-C6ED-4A9B-8EAD-3ED6C12E0759}"
EndProject
Global
	GlobalSection(SolutionConfigurationPlatforms) = preSolution
		Debug|Any CPU = Debug|Any CPU
		Release|Any CPU = Release|Any CPU
	EndGlobalSection
	GlobalSection(ProjectConfigurationPlatforms) = postSolution
		{1C1CAFA3-C6ED-4A9B-8EAD-3ED6C12E0759}.Debug|Any CPU.ActiveCfg = Debug|Any CPU
		{1C1CAFA3-C6ED-4A9B-8EAD-3ED6C12E0759}.Debug|Any CPU.Build.0 = Debug|Any CPU
		{1C1CAFA3-C6ED-4A9B-8EAD-3ED6C12E0759}.Release|Any CPU.ActiveCfg = Release|Any CPU
		{1C1CAFA3-C6ED-4A9B-8EAD-3ED6C12E0759}.Release|Any CPU.Build.0 = Release|Any CPU
	EndGlobalSection
	GlobalSection(SolutionProperties) = preSolution
		HideSolutionNode = FALSE
	EndGlobalSection
EndGlobal
