
Microsoft Visual Studio Solution File, Format Version 12.00
# Visual Studio 2012
VisualStudioVersion = 12.0.30110.0
MinimumVisualStudioVersion = 10.0.40219.1
Project("{f2a71f9b-5d33-465a-a702-920d77279786}") = "SignalRProviderTest", "SignalRProviderTest\SignalRProviderTest.fsproj", "{7FEDACA6-CF10-40C1-9A9D-A5BB8A3A13DA}"
EndProject
Project("{2150E333-8FDC-42A3-9474-1A3956D46DE8}") = ".nuget", ".nuget", "{3D831310-942B-4643-B272-33670A0727EE}"
	ProjectSection(SolutionItems) = preProject
		.nuget\NuGet.Config = .nuget\NuGet.Config
		.nuget\NuGet.exe = .nuget\NuGet.exe
		.nuget\NuGet.targets = .nuget\NuGet.targets
	EndProjectSection
EndProject
Project("{f2a71f9b-5d33-465a-a702-920d77279786}") = "BuildScript", "BuildScript\BuildScript.fsproj", "{B47CF4EF-0E01-4139-891D-6E125CF4DBEC}"
EndProject
Project("{f2a71f9b-5d33-465a-a702-920d77279786}") = "SignalRSelfHost", "SignalRSelfHost\SignalRSelfHost.fsproj", "{1CEF1537-6612-4E1A-BD9B-425588FF4E18}"
EndProject
Project("{f2a71f9b-5d33-465a-a702-920d77279786}") = "SignalRServer", "SignalRServer\SignalRServer.fsproj", "B79D6D3C-23FA-4D27-AEAD-DC2391000220"
EndProject
Project("{f2a71f9b-5d33-465a-a702-920d77279786}") = "SignalRFunScriptClient", "SignalRFunScriptClient\SignalRFunScriptClient.fsproj", "6E4C6A75-5CE9-4B57-9793-7576496F1472"
EndProject
Project("{f2a71f9b-5d33-465a-a702-920d77279786}") = "SignalRServerToClient", "SignalRServerToClient\SignalRServerToClient.fsproj", "{5B496B8C-68FE-42FA-969B-22430D2AEF11}"
EndProject
Global
	GlobalSection(SolutionConfigurationPlatforms) = preSolution
		Debug|Any CPU = Debug|Any CPU
		Release|Any CPU = Release|Any CPU
	EndGlobalSection
	GlobalSection(ProjectConfigurationPlatforms) = postSolution
		{1CEF1537-6612-4E1A-BD9B-425588FF4E18}.Debug|Any CPU.ActiveCfg = Debug|Any CPU
		{1CEF1537-6612-4E1A-BD9B-425588FF4E18}.Debug|Any CPU.Build.0 = Debug|Any CPU
		{1CEF1537-6612-4E1A-BD9B-425588FF4E18}.Release|Any CPU.ActiveCfg = Release|Any CPU
		{1CEF1537-6612-4E1A-BD9B-425588FF4E18}.Release|Any CPU.Build.0 = Release|Any CPU
		{5B496B8C-68FE-42FA-969B-22430D2AEF11}.Debug|Any CPU.ActiveCfg = Debug|Any CPU
		{5B496B8C-68FE-42FA-969B-22430D2AEF11}.Debug|Any CPU.Build.0 = Debug|Any CPU
		{5B496B8C-68FE-42FA-969B-22430D2AEF11}.Release|Any CPU.ActiveCfg = Release|Any CPU
		{5B496B8C-68FE-42FA-969B-22430D2AEF11}.Release|Any CPU.Build.0 = Release|Any CPU
		{6E4C6A75-5CE9-4B57-9793-7576496F1472}.Debug|Any CPU.ActiveCfg = Debug|Any CPU
		{6E4C6A75-5CE9-4B57-9793-7576496F1472}.Debug|Any CPU.Build.0 = Debug|Any CPU
		{6E4C6A75-5CE9-4B57-9793-7576496F1472}.Release|Any CPU.ActiveCfg = Release|Any CPU
		{6E4C6A75-5CE9-4B57-9793-7576496F1472}.Release|Any CPU.Build.0 = Release|Any CPU
		{7FEDACA6-CF10-40C1-9A9D-A5BB8A3A13DA}.Debug|Any CPU.ActiveCfg = Debug|Any CPU
		{7FEDACA6-CF10-40C1-9A9D-A5BB8A3A13DA}.Debug|Any CPU.Build.0 = Debug|Any CPU
		{7FEDACA6-CF10-40C1-9A9D-A5BB8A3A13DA}.Release|Any CPU.ActiveCfg = Release|Any CPU
		{7FEDACA6-CF10-40C1-9A9D-A5BB8A3A13DA}.Release|Any CPU.Build.0 = Release|Any CPU
		{B47CF4EF-0E01-4139-891D-6E125CF4DBEC}.Debug|Any CPU.ActiveCfg = Debug|Any CPU
		{B47CF4EF-0E01-4139-891D-6E125CF4DBEC}.Debug|Any CPU.Build.0 = Debug|Any CPU
		{B47CF4EF-0E01-4139-891D-6E125CF4DBEC}.Release|Any CPU.ActiveCfg = Release|Any CPU
		{B47CF4EF-0E01-4139-891D-6E125CF4DBEC}.Release|Any CPU.Build.0 = Release|Any CPU
		{B79D6D3C-23FA-4D27-AEAD-DC2391000220}.Debug|Any CPU.ActiveCfg = Debug|Any CPU
		{B79D6D3C-23FA-4D27-AEAD-DC2391000220}.Debug|Any CPU.Build.0 = Debug|Any CPU
		{B79D6D3C-23FA-4D27-AEAD-DC2391000220}.Release|Any CPU.ActiveCfg = Release|Any CPU
		{B79D6D3C-23FA-4D27-AEAD-DC2391000220}.Release|Any CPU.Build.0 = Release|Any CPU
		{6E4C6A75-5CE9-4B57-9793-7576496F1472}.Debug|Any CPU.ActiveCfg = Debug|Any CPU
		{6E4C6A75-5CE9-4B57-9793-7576496F1472}.Debug|Any CPU.Build.0 = Debug|Any CPU
		{6E4C6A75-5CE9-4B57-9793-7576496F1472}.Release|Any CPU.ActiveCfg = Release|Any CPU
		{6E4C6A75-5CE9-4B57-9793-7576496F1472}.Release|Any CPU.Build.0 = Release|Any CPU
		{B79D6D3C-23FA-4D27-AEAD-DC2391000220}.Debug|Any CPU.ActiveCfg = Debug|Any CPU
		{B79D6D3C-23FA-4D27-AEAD-DC2391000220}.Debug|Any CPU.Build.0 = Debug|Any CPU
		{B79D6D3C-23FA-4D27-AEAD-DC2391000220}.Release|Any CPU.ActiveCfg = Release|Any CPU
		{B79D6D3C-23FA-4D27-AEAD-DC2391000220}.Release|Any CPU.Build.0 = Release|Any CPU
		{6E4C6A75-5CE9-4B57-9793-7576496F1472}.Debug|Any CPU.ActiveCfg = Debug|Any CPU
		{6E4C6A75-5CE9-4B57-9793-7576496F1472}.Debug|Any CPU.Build.0 = Debug|Any CPU
		{6E4C6A75-5CE9-4B57-9793-7576496F1472}.Release|Any CPU.ActiveCfg = Release|Any CPU
		{6E4C6A75-5CE9-4B57-9793-7576496F1472}.Release|Any CPU.Build.0 = Release|Any CPU
		{B79D6D3C-23FA-4D27-AEAD-DC2391000220}.Debug|Any CPU.ActiveCfg = Debug|Any CPU
		{B79D6D3C-23FA-4D27-AEAD-DC2391000220}.Debug|Any CPU.Build.0 = Debug|Any CPU
		{B79D6D3C-23FA-4D27-AEAD-DC2391000220}.Release|Any CPU.ActiveCfg = Release|Any CPU
		{B79D6D3C-23FA-4D27-AEAD-DC2391000220}.Release|Any CPU.Build.0 = Release|Any CPU
		{6E4C6A75-5CE9-4B57-9793-7576496F1472}.Debug|Any CPU.ActiveCfg = Debug|Any CPU
		{6E4C6A75-5CE9-4B57-9793-7576496F1472}.Debug|Any CPU.Build.0 = Debug|Any CPU
		{6E4C6A75-5CE9-4B57-9793-7576496F1472}.Release|Any CPU.ActiveCfg = Release|Any CPU
		{6E4C6A75-5CE9-4B57-9793-7576496F1472}.Release|Any CPU.Build.0 = Release|Any CPU
		{B79D6D3C-23FA-4D27-AEAD-DC2391000220}.Debug|Any CPU.ActiveCfg = Debug|Any CPU
		{B79D6D3C-23FA-4D27-AEAD-DC2391000220}.Debug|Any CPU.Build.0 = Debug|Any CPU
		{B79D6D3C-23FA-4D27-AEAD-DC2391000220}.Release|Any CPU.ActiveCfg = Release|Any CPU
		{B79D6D3C-23FA-4D27-AEAD-DC2391000220}.Release|Any CPU.Build.0 = Release|Any CPU
		{6E4C6A75-5CE9-4B57-9793-7576496F1472}.Debug|Any CPU.ActiveCfg = Debug|Any CPU
		{6E4C6A75-5CE9-4B57-9793-7576496F1472}.Debug|Any CPU.Build.0 = Debug|Any CPU
		{6E4C6A75-5CE9-4B57-9793-7576496F1472}.Release|Any CPU.ActiveCfg = Release|Any CPU
		{6E4C6A75-5CE9-4B57-9793-7576496F1472}.Release|Any CPU.Build.0 = Release|Any CPU
		{6E4C6A75-5CE9-4B57-9793-7576496F1472}.Debug|Any CPU.ActiveCfg = Debug|Any CPU
		{6E4C6A75-5CE9-4B57-9793-7576496F1472}.Debug|Any CPU.Build.0 = Debug|Any CPU
		{6E4C6A75-5CE9-4B57-9793-7576496F1472}.Release|Any CPU.ActiveCfg = Release|Any CPU
		{6E4C6A75-5CE9-4B57-9793-7576496F1472}.Release|Any CPU.Build.0 = Release|Any CPU
		{B79D6D3C-23FA-4D27-AEAD-DC2391000220}.Debug|Any CPU.ActiveCfg = Debug|Any CPU
		{B79D6D3C-23FA-4D27-AEAD-DC2391000220}.Debug|Any CPU.Build.0 = Debug|Any CPU
		{B79D6D3C-23FA-4D27-AEAD-DC2391000220}.Release|Any CPU.ActiveCfg = Release|Any CPU
		{B79D6D3C-23FA-4D27-AEAD-DC2391000220}.Release|Any CPU.Build.0 = Release|Any CPU
		{6E4C6A75-5CE9-4B57-9793-7576496F1472}.Debug|Any CPU.ActiveCfg = Debug|Any CPU
		{6E4C6A75-5CE9-4B57-9793-7576496F1472}.Debug|Any CPU.Build.0 = Debug|Any CPU
		{6E4C6A75-5CE9-4B57-9793-7576496F1472}.Release|Any CPU.ActiveCfg = Release|Any CPU
		{6E4C6A75-5CE9-4B57-9793-7576496F1472}.Release|Any CPU.Build.0 = Release|Any CPU
		{B79D6D3C-23FA-4D27-AEAD-DC2391000220}.Debug|Any CPU.ActiveCfg = Debug|Any CPU
		{B79D6D3C-23FA-4D27-AEAD-DC2391000220}.Debug|Any CPU.Build.0 = Debug|Any CPU
		{B79D6D3C-23FA-4D27-AEAD-DC2391000220}.Release|Any CPU.ActiveCfg = Release|Any CPU
		{B79D6D3C-23FA-4D27-AEAD-DC2391000220}.Release|Any CPU.Build.0 = Release|Any CPU
		{6E4C6A75-5CE9-4B57-9793-7576496F1472}.Debug|Any CPU.ActiveCfg = Debug|Any CPU
		{6E4C6A75-5CE9-4B57-9793-7576496F1472}.Debug|Any CPU.Build.0 = Debug|Any CPU
		{6E4C6A75-5CE9-4B57-9793-7576496F1472}.Release|Any CPU.ActiveCfg = Release|Any CPU
		{6E4C6A75-5CE9-4B57-9793-7576496F1472}.Release|Any CPU.Build.0 = Release|Any CPU
		{B79D6D3C-23FA-4D27-AEAD-DC2391000220}.Debug|Any CPU.ActiveCfg = Debug|Any CPU
		{B79D6D3C-23FA-4D27-AEAD-DC2391000220}.Debug|Any CPU.Build.0 = Debug|Any CPU
		{B79D6D3C-23FA-4D27-AEAD-DC2391000220}.Release|Any CPU.ActiveCfg = Release|Any CPU
		{B79D6D3C-23FA-4D27-AEAD-DC2391000220}.Release|Any CPU.Build.0 = Release|Any CPU
		{6E4C6A75-5CE9-4B57-9793-7576496F1472}.Debug|Any CPU.ActiveCfg = Debug|Any CPU
		{6E4C6A75-5CE9-4B57-9793-7576496F1472}.Debug|Any CPU.Build.0 = Debug|Any CPU
		{6E4C6A75-5CE9-4B57-9793-7576496F1472}.Release|Any CPU.ActiveCfg = Release|Any CPU
		{6E4C6A75-5CE9-4B57-9793-7576496F1472}.Release|Any CPU.Build.0 = Release|Any CPU
		{B79D6D3C-23FA-4D27-AEAD-DC2391000220}.Debug|Any CPU.ActiveCfg = Debug|Any CPU
		{B79D6D3C-23FA-4D27-AEAD-DC2391000220}.Debug|Any CPU.Build.0 = Debug|Any CPU
		{B79D6D3C-23FA-4D27-AEAD-DC2391000220}.Release|Any CPU.ActiveCfg = Release|Any CPU
		{B79D6D3C-23FA-4D27-AEAD-DC2391000220}.Release|Any CPU.Build.0 = Release|Any CPU
		{6E4C6A75-5CE9-4B57-9793-7576496F1472}.Debug|Any CPU.ActiveCfg = Debug|Any CPU
		{6E4C6A75-5CE9-4B57-9793-7576496F1472}.Debug|Any CPU.Build.0 = Debug|Any CPU
		{6E4C6A75-5CE9-4B57-9793-7576496F1472}.Release|Any CPU.ActiveCfg = Release|Any CPU
		{6E4C6A75-5CE9-4B57-9793-7576496F1472}.Release|Any CPU.Build.0 = Release|Any CPU
		{B79D6D3C-23FA-4D27-AEAD-DC2391000220}.Debug|Any CPU.ActiveCfg = Debug|Any CPU
		{B79D6D3C-23FA-4D27-AEAD-DC2391000220}.Debug|Any CPU.Build.0 = Debug|Any CPU
		{B79D6D3C-23FA-4D27-AEAD-DC2391000220}.Release|Any CPU.ActiveCfg = Release|Any CPU
		{B79D6D3C-23FA-4D27-AEAD-DC2391000220}.Release|Any CPU.Build.0 = Release|Any CPU
		{6E4C6A75-5CE9-4B57-9793-7576496F1472}.Debug|Any CPU.ActiveCfg = Debug|Any CPU
		{6E4C6A75-5CE9-4B57-9793-7576496F1472}.Debug|Any CPU.Build.0 = Debug|Any CPU
		{6E4C6A75-5CE9-4B57-9793-7576496F1472}.Release|Any CPU.ActiveCfg = Release|Any CPU
		{6E4C6A75-5CE9-4B57-9793-7576496F1472}.Release|Any CPU.Build.0 = Release|Any CPU
		{B79D6D3C-23FA-4D27-AEAD-DC2391000220}.Debug|Any CPU.ActiveCfg = Debug|Any CPU
		{B79D6D3C-23FA-4D27-AEAD-DC2391000220}.Debug|Any CPU.Build.0 = Debug|Any CPU
		{B79D6D3C-23FA-4D27-AEAD-DC2391000220}.Release|Any CPU.ActiveCfg = Release|Any CPU
		{B79D6D3C-23FA-4D27-AEAD-DC2391000220}.Release|Any CPU.Build.0 = Release|Any CPU
	EndGlobalSection
	GlobalSection(NestedProjects) = preSolution
	EndGlobalSection
	GlobalSection(MonoDevelopProperties) = preSolution
		StartupItem = SignalRSelfHost\SignalRSelfHost.fsproj
	EndGlobalSection
	GlobalSection(SolutionProperties) = preSolution
		HideSolutionNode = FALSE
	EndGlobalSection
EndGlobal
